# This file was autogenerated by Stack.
# You should not edit this file by hand.
# For more information, please see the documentation at:
#   https://docs.haskellstack.org/en/stable/lock_files

packages: []
snapshots:
- completed:
    sha256: 9f4b5facbf7e584927cafde409a33606c3d8aad18a7ff79e7ddc4f81ec040f5b
    size: 653397
    url: https://raw.githubusercontent.com/commercialhaskell/stackage-snapshots/master/nightly/2025/2/10.yaml
  original: nightly-2025-02-10
