# This file was autogenerated by Stack.
# You should not edit this file by hand.
# For more information, please see the documentation at:
#   https://docs.haskellstack.org/en/stable/lock_files

packages: []
snapshots:
- completed:
    sha256: 7fddb148e37575dd57eeba8b6bad5e8d38a0d478bbdeb0a84b40d8d0b1a8755b
    size: 618102
    url: https://raw.githubusercontent.com/commercialhaskell/stackage-snapshots/master/nightly/2024/12/18.yaml
  original: nightly-2024-12-18
